
Microsoft Visual Studio Solution File, Format Version 12.00
# Visual Studio Version 17
VisualStudioVersion = 17.6.33829.357
MinimumVisualStudioVersion = 10.0.40219.1
Project("{FAE04EC0-301F-11D3-BF4B-00C04F79EFBC}") = "Project2_32858795_EcoPowerSolutions", "Project2_32858795_EcoPowerSolutions\Project2_32858795_EcoPowerSolutions.csproj", "{36581567-F07E-4BF2-B225-CBC5760B6E34}"
EndProject
Global
	GlobalSection(SolutionConfigurationPlatforms) = preSolution
		Debug|Any CPU = Debug|Any CPU
		Release|Any CPU = Release|Any CPU
	EndGlobalSection
	GlobalSection(ProjectConfigurationPlatforms) = postSolution
		{36581567-F07E-4BF2-B225-CBC5760B6E34}.Debug|Any CPU.ActiveCfg = Debug|Any CPU
		{36581567-F07E-4BF2-B225-CBC5760B6E34}.Debug|Any CPU.Build.0 = Debug|Any CPU
		{36581567-F07E-4BF2-B225-CBC5760B6E34}.Release|Any CPU.ActiveCfg = Release|Any CPU
		{36581567-F07E-4BF2-B225-CBC5760B6E34}.Release|Any CPU.Build.0 = Release|Any CPU
	EndGlobalSection
	GlobalSection(SolutionProperties) = preSolution
		HideSolutionNode = FALSE
	EndGlobalSection
	GlobalSection(ExtensibilityGlobals) = postSolution
		SolutionGuid = {5402D5D7-8D44-41EA-B081-D9AE5224F72D}
	EndGlobalSection
EndGlobal
